PODS:
  - FBSnapshotTestCase (2.1.4):
    - FBSnapshotTestCase/SwiftSupport (= 2.1.4)
  - FBSnapshotTestCase/Core (2.1.4)
  - FBSnapshotTestCase/SwiftSupport (2.1.4):
    - FBSnapshotTestCase/Core
  - JKOLogger (0.2.0)

DEPENDENCIES:
  - FBSnapshotTestCase (~> 2.1.4)
  - JKOLogger (from `../`)

SPEC REPOS:
  trunk:
    - FBSnapshotTestCase

EXTERNAL SOURCES:
  JKOLogger:
    :path: "../"

SPEC CHECKSUMS:
  FBSnapshotTestCase: 094f9f314decbabe373b87cc339bea235a63e07a
  JKOLogger: 1d2029e0ff55473dddfd466dcec5570ab5d9d028

PODFILE CHECKSUM: 80f734c56fd093b379b948c5f3f1e6f8cc6475e1

COCOAPODS: 1.9.3
